
Microsoft Visual Studio Solution File, Format Version 12.00
# Visual Studio 2013
VisualStudioVersion = 12.0.21005.1
MinimumVisualStudioVersion = 10.0.40219.1
Project("{FAE04EC0-301F-11D3-BF4B-00C04F79EFBC}") = "Tot IDE", "Tot\Tot IDE.csproj", "{BB27D0B7-570B-47DF-AF28-6B04EDE939B9}"
EndProject
Project("{FAE04EC0-301F-11D3-BF4B-00C04F79EFBC}") = "SistemaExpertoLib", "SistemaExpertoLib\SistemaExpertoLib.csproj", "{CC17B513-73D1-4FAE-9824-3DDF51B9D217}"
EndProject
Project("{FAE04EC0-301F-11D3-BF4B-00C04F79EFBC}") = "TextRuler", "TextRuler\TextRuler.csproj", "{2B29C912-8BDA-4260-A486-111BECCCC196}"
EndProject
Project("{FAE04EC0-301F-11D3-BF4B-00C04F79EFBC}") = "ControlesModuloConsulta", "ControlesModuloConsulta\ControlesModuloConsulta.csproj", "{1A4288D2-3197-4BB8-B0A5-CCB7D1EE8AE7}"
EndProject
Project("{FAE04EC0-301F-11D3-BF4B-00C04F79EFBC}") = "ControlesModuloGestionBaseConocimiento", "ControlesModuloGestionBaseConocimiento\ControlesModuloGestionBaseConocimiento.csproj", "{4F0F6F1F-5301-45D5-9FC8-895E900D81FF}"
EndProject
Global
	GlobalSection(SolutionConfigurationPlatforms) = preSolution
		Debug|Any CPU = Debug|Any CPU
		Release|Any CPU = Release|Any CPU
	EndGlobalSection
	GlobalSection(ProjectConfigurationPlatforms) = postSolution
		{BB27D0B7-570B-47DF-AF28-6B04EDE939B9}.Debug|Any CPU.ActiveCfg = Debug|Any CPU
		{BB27D0B7-570B-47DF-AF28-6B04EDE939B9}.Debug|Any CPU.Build.0 = Debug|Any CPU
		{BB27D0B7-570B-47DF-AF28-6B04EDE939B9}.Release|Any CPU.ActiveCfg = Release|Any CPU
		{BB27D0B7-570B-47DF-AF28-6B04EDE939B9}.Release|Any CPU.Build.0 = Release|Any CPU
		{CC17B513-73D1-4FAE-9824-3DDF51B9D217}.Debug|Any CPU.ActiveCfg = Debug|Any CPU
		{CC17B513-73D1-4FAE-9824-3DDF51B9D217}.Debug|Any CPU.Build.0 = Debug|Any CPU
		{CC17B513-73D1-4FAE-9824-3DDF51B9D217}.Release|Any CPU.ActiveCfg = Release|Any CPU
		{CC17B513-73D1-4FAE-9824-3DDF51B9D217}.Release|Any CPU.Build.0 = Release|Any CPU
		{2B29C912-8BDA-4260-A486-111BECCCC196}.Debug|Any CPU.ActiveCfg = Debug|Any CPU
		{2B29C912-8BDA-4260-A486-111BECCCC196}.Debug|Any CPU.Build.0 = Debug|Any CPU
		{2B29C912-8BDA-4260-A486-111BECCCC196}.Release|Any CPU.ActiveCfg = Release|Any CPU
		{2B29C912-8BDA-4260-A486-111BECCCC196}.Release|Any CPU.Build.0 = Release|Any CPU
		{1A4288D2-3197-4BB8-B0A5-CCB7D1EE8AE7}.Debug|Any CPU.ActiveCfg = Debug|Any CPU
		{1A4288D2-3197-4BB8-B0A5-CCB7D1EE8AE7}.Debug|Any CPU.Build.0 = Debug|Any CPU
		{1A4288D2-3197-4BB8-B0A5-CCB7D1EE8AE7}.Release|Any CPU.ActiveCfg = Release|Any CPU
		{1A4288D2-3197-4BB8-B0A5-CCB7D1EE8AE7}.Release|Any CPU.Build.0 = Release|Any CPU
		{4F0F6F1F-5301-45D5-9FC8-895E900D81FF}.Debug|Any CPU.ActiveCfg = Debug|Any CPU
		{4F0F6F1F-5301-45D5-9FC8-895E900D81FF}.Debug|Any CPU.Build.0 = Debug|Any CPU
		{4F0F6F1F-5301-45D5-9FC8-895E900D81FF}.Release|Any CPU.ActiveCfg = Release|Any CPU
		{4F0F6F1F-5301-45D5-9FC8-895E900D81FF}.Release|Any CPU.Build.0 = Release|Any CPU
	EndGlobalSection
	GlobalSection(SolutionProperties) = preSolution
		HideSolutionNode = FALSE
	EndGlobalSection
EndGlobal
